// !$*UTF8*$!
{
	archiveVersion = 1;
	classes = {
	};
	objectVersion = 55;
	objects = {

/* Begin PBXBuildFile section */
		7A74D6B62896F16600B84119 /* AppDelegate.swift in Sources */ = {isa = PBXBuildFile; fileRef = 7A74D6B52896F16600B84119 /* AppDelegate.swift */; };
		7A74D6B82896F16600B84119 /* SceneDelegate.swift in Sources */ = {isa = PBXBuildFile; fileRef = 7A74D6B72896F16600B84119 /* SceneDelegate.swift */; };
		7A74D6BA2896F16600B84119 /* ViewController.swift in Sources */ = {isa = PBXBuildFile; fileRef = 7A74D6B92896F16600B84119 /* ViewController.swift */; };
		7A74D6BF2896F16700B84119 /* Assets.xcassets in Resources */ = {isa = PBXBuildFile; fileRef = 7A74D6BE2896F16700B84119 /* Assets.xcassets */; };
		7A74D6C22896F16700B84119 /* LaunchScreen.storyboard in Resources */ = {isa = PBXBuildFile; fileRef = 7A74D6C02896F16700B84119 /* LaunchScreen.storyboard */; };
		7A74D6CD2896F16800B84119 /* EjabaliTests.swift in Sources */ = {isa = PBXBuildFile; fileRef = 7A74D6CC2896F16800B84119 /* EjabaliTests.swift */; };
		7A74D6D72896F16800B84119 /* EjabaliUITests.swift in Sources */ = {isa = PBXBuildFile; fileRef = 7A74D6D62896F16800B84119 /* EjabaliUITests.swift */; };
		7A74D6D92896F16800B84119 /* EjabaliUITestsLaunchTests.swift in Sources */ = {isa = PBXBuildFile; fileRef = 7A74D6D82896F16800B84119 /* EjabaliUITestsLaunchTests.swift */; };
		7A74D6F02896F7D900B84119 /* Login.storyboard in Resources */ = {isa = PBXBuildFile; fileRef = 7A74D6EF2896F7D900B84119 /* Login.storyboard */; };
		7A74D6F22896F8CE00B84119 /* SignInViewController.swift in Sources */ = {isa = PBXBuildFile; fileRef = 7A74D6F12896F8CE00B84119 /* SignInViewController.swift */; };
		7A74D6F52896F9AD00B84119 /* UIStoryboard+Storyboards.swift in Sources */ = {isa = PBXBuildFile; fileRef = 7A74D6F42896F9AD00B84119 /* UIStoryboard+Storyboards.swift */; };
		7A74D6F72896FA2400B84119 /* StoryboardIdentifiable.swift in Sources */ = {isa = PBXBuildFile; fileRef = 7A74D6F62896FA2400B84119 /* StoryboardIdentifiable.swift */; };
/* End PBXBuildFile section */

/* Begin PBXContainerItemProxy section */
		7A74D6C92896F16800B84119 /* PBXContainerItemProxy */ = {
			isa = PBXContainerItemProxy;
			containerPortal = 7A74D6AA2896F16600B84119 /* Project object */;
			proxyType = 1;
			remoteGlobalIDString = 7A74D6B12896F16600B84119;
			remoteInfo = Ejabali;
		};
		7A74D6D32896F16800B84119 /* PBXContainerItemProxy */ = {
			isa = PBXContainerItemProxy;
			containerPortal = 7A74D6AA2896F16600B84119 /* Project object */;
			proxyType = 1;
			remoteGlobalIDString = 7A74D6B12896F16600B84119;
			remoteInfo = Ejabali;
		};
/* End PBXContainerItemProxy section */

/* Begin PBXFileReference section */
		7A74D6B22896F16600B84119 /* Ejabali.app */ = {isa = PBXFileReference; explicitFileType = wrapper.application; includeInIndex = 0; path = Ejabali.app; sourceTree = BUILT_PRODUCTS_DIR; };
		7A74D6B52896F16600B84119 /* AppDelegate.swift */ = {isa = PBXFileReference; lastKnownFileType = sourcecode.swift; path = AppDelegate.swift; sourceTree = "<group>"; };
		7A74D6B72896F16600B84119 /* SceneDelegate.swift */ = {isa = PBXFileReference; lastKnownFileType = sourcecode.swift; path = SceneDelegate.swift; sourceTree = "<group>"; };
		7A74D6B92896F16600B84119 /* ViewController.swift */ = {isa = PBXFileReference; lastKnownFileType = sourcecode.swift; path = ViewController.swift; sourceTree = "<group>"; };
		7A74D6BE2896F16700B84119 /* Assets.xcassets */ = {isa = PBXFileReference; lastKnownFileType = folder.assetcatalog; path = Assets.xcassets; sourceTree = "<group>"; };
		7A74D6C12896F16700B84119 /* Base */ = {isa = PBXFileReference; lastKnownFileType = file.storyboard; name = Base; path = Base.lproj/LaunchScreen.storyboard; sourceTree = "<group>"; };
		7A74D6C32896F16700B84119 /* Info.plist */ = {isa = PBXFileReference; lastKnownFileType = text.plist.xml; path = Info.plist; sourceTree = "<group>"; };
		7A74D6C82896F16800B84119 /* EjabaliTests.xctest */ = {isa = PBXFileReference; explicitFileType = wrapper.cfbundle; includeInIndex = 0; path = EjabaliTests.xctest; sourceTree = BUILT_PRODUCTS_DIR; };
		7A74D6CC2896F16800B84119 /* EjabaliTests.swift */ = {isa = PBXFileReference; lastKnownFileType = sourcecode.swift; path = EjabaliTests.swift; sourceTree = "<group>"; };
		7A74D6D22896F16800B84119 /* EjabaliUITests.xctest */ = {isa = PBXFileReference; explicitFileType = wrapper.cfbundle; includeInIndex = 0; path = EjabaliUITests.xctest; sourceTree = BUILT_PRODUCTS_DIR; };
		7A74D6D62896F16800B84119 /* EjabaliUITests.swift */ = {isa = PBXFileReference; lastKnownFileType = sourcecode.swift; path = EjabaliUITests.swift; sourceTree = "<group>"; };
		7A74D6D82896F16800B84119 /* EjabaliUITestsLaunchTests.swift */ = {isa = PBXFileReference; lastKnownFileType = sourcecode.swift; path = EjabaliUITestsLaunchTests.swift; sourceTree = "<group>"; };
		7A74D6EF2896F7D900B84119 /* Login.storyboard */ = {isa = PBXFileReference; lastKnownFileType = file.storyboard; path = Login.storyboard; sourceTree = "<group>"; };
		7A74D6F12896F8CE00B84119 /* SignInViewController.swift */ = {isa = PBXFileReference; lastKnownFileType = sourcecode.swift; path = SignInViewController.swift; sourceTree = "<group>"; };
		7A74D6F42896F9AD00B84119 /* UIStoryboard+Storyboards.swift */ = {isa = PBXFileReference; lastKnownFileType = sourcecode.swift; path = "UIStoryboard+Storyboards.swift"; sourceTree = "<group>"; };
		7A74D6F62896FA2400B84119 /* StoryboardIdentifiable.swift */ = {isa = PBXFileReference; lastKnownFileType = sourcecode.swift; path = StoryboardIdentifiable.swift; sourceTree = "<group>"; };
/* End PBXFileReference section */

/* Begin PBXFrameworksBuildPhase section */
		7A74D6AF2896F16600B84119 /* Frameworks */ = {
			isa = PBXFrameworksBuildPhase;
			buildActionMask = 2147483647;
			files = (
			);
			runOnlyForDeploymentPostprocessing = 0;
		};
		7A74D6C52896F16800B84119 /* Frameworks */ = {
			isa = PBXFrameworksBuildPhase;
			buildActionMask = 2147483647;
			files = (
			);
			runOnlyForDeploymentPostprocessing = 0;
		};
		7A74D6CF2896F16800B84119 /* Frameworks */ = {
			isa = PBXFrameworksBuildPhase;
			buildActionMask = 2147483647;
			files = (
			);
			runOnlyForDeploymentPostprocessing = 0;
		};
/* End PBXFrameworksBuildPhase section */

/* Begin PBXGroup section */
		7A74D6A92896F16600B84119 = {
			isa = PBXGroup;
			children = (
				7A74D6B42896F16600B84119 /* Ejabali */,
				7A74D6CB2896F16800B84119 /* EjabaliTests */,
				7A74D6D52896F16800B84119 /* EjabaliUITests */,
				7A74D6B32896F16600B84119 /* Products */,
			);
			sourceTree = "<group>";
		};
		7A74D6B32896F16600B84119 /* Products */ = {
			isa = PBXGroup;
			children = (
				7A74D6B22896F16600B84119 /* Ejabali.app */,
				7A74D6C82896F16800B84119 /* EjabaliTests.xctest */,
				7A74D6D22896F16800B84119 /* EjabaliUITests.xctest */,
			);
			name = Products;
			sourceTree = "<group>";
		};
		7A74D6B42896F16600B84119 /* Ejabali */ = {
			isa = PBXGroup;
			children = (
				7A74D6E82896F60000B84119 /* Resources */,
				7A74D6E72896F5EF00B84119 /* Model Layer */,
				7A74D6E62896F5D600B84119 /* UI Layer */,
				7A74D6B52896F16600B84119 /* AppDelegate.swift */,
				7A74D6B72896F16600B84119 /* SceneDelegate.swift */,
				7A74D6B92896F16600B84119 /* ViewController.swift */,
				7A74D6BE2896F16700B84119 /* Assets.xcassets */,
				7A74D6C02896F16700B84119 /* LaunchScreen.storyboard */,
				7A74D6C32896F16700B84119 /* Info.plist */,
			);
			path = Ejabali;
			sourceTree = "<group>";
		};
		7A74D6CB2896F16800B84119 /* EjabaliTests */ = {
			isa = PBXGroup;
			children = (
				7A74D6CC2896F16800B84119 /* EjabaliTests.swift */,
			);
			path = EjabaliTests;
			sourceTree = "<group>";
		};
		7A74D6D52896F16800B84119 /* EjabaliUITests */ = {
			isa = PBXGroup;
			children = (
				7A74D6D62896F16800B84119 /* EjabaliUITests.swift */,
				7A74D6D82896F16800B84119 /* EjabaliUITestsLaunchTests.swift */,
			);
			path = EjabaliUITests;
			sourceTree = "<group>";
		};
		7A74D6E62896F5D600B84119 /* UI Layer */ = {
			isa = PBXGroup;
			children = (
				7A74D6F32896F96B00B84119 /* Extensions */,
				7A74D6EE2896F65B00B84119 /* Help */,
				7A74D6ED2896F64F00B84119 /* Account */,
				7A74D6EC2896F64600B84119 /* Feeds */,
				7A74D6EB2896F63B00B84119 /* Categories */,
				7A74D6EA2896F62600B84119 /* Home */,
				7A74D6E92896F61600B84119 /* Login */,
			);
			path = "UI Layer";
			sourceTree = "<group>";
		};
		7A74D6E72896F5EF00B84119 /* Model Layer */ = {
			isa = PBXGroup;
			children = (
			);
			path = "Model Layer";
			sourceTree = "<group>";
		};
		7A74D6E82896F60000B84119 /* Resources */ = {
			isa = PBXGroup;
			children = (
			);
			path = Resources;
			sourceTree = "<group>";
		};
		7A74D6E92896F61600B84119 /* Login */ = {
			isa = PBXGroup;
			children = (
				7A74D6EF2896F7D900B84119 /* Login.storyboard */,
				7A74D6F12896F8CE00B84119 /* SignInViewController.swift */,
			);
			name = Login;
			sourceTree = "<group>";
		};
		7A74D6EA2896F62600B84119 /* Home */ = {
			isa = PBXGroup;
			children = (
			);
			name = Home;
			sourceTree = "<group>";
		};
		7A74D6EB2896F63B00B84119 /* Categories */ = {
			isa = PBXGroup;
			children = (
			);
			name = Categories;
			sourceTree = "<group>";
		};
		7A74D6EC2896F64600B84119 /* Feeds */ = {
			isa = PBXGroup;
			children = (
			);
			name = Feeds;
			sourceTree = "<group>";
		};
		7A74D6ED2896F64F00B84119 /* Account */ = {
			isa = PBXGroup;
			children = (
			);
			name = Account;
			sourceTree = "<group>";
		};
		7A74D6EE2896F65B00B84119 /* Help */ = {
			isa = PBXGroup;
			children = (
			);
			name = Help;
			sourceTree = "<group>";
		};
		7A74D6F32896F96B00B84119 /* Extensions */ = {
			isa = PBXGroup;
			children = (
				7A74D6F42896F9AD00B84119 /* UIStoryboard+Storyboards.swift */,
				7A74D6F62896FA2400B84119 /* StoryboardIdentifiable.swift */,
			);
			name = Extensions;
			sourceTree = "<group>";
		};
/* End PBXGroup section */

/* Begin PBXNativeTarget section */
		7A74D6B12896F16600B84119 /* Ejabali */ = {
			isa = PBXNativeTarget;
			buildConfigurationList = 7A74D6DC2896F16800B84119 /* Build configuration list for PBXNativeTarget "Ejabali" */;
			buildPhases = (
				7A74D6AE2896F16600B84119 /* Sources */,
				7A74D6AF2896F16600B84119 /* Frameworks */,
				7A74D6B02896F16600B84119 /* Resources */,
			);
			buildRules = (
			);
			dependencies = (
			);
			name = Ejabali;
			productName = Ejabali;
			productReference = 7A74D6B22896F16600B84119 /* Ejabali.app */;
			productType = "com.apple.product-type.application";
		};
		7A74D6C72896F16800B84119 /* EjabaliTests */ = {
			isa = PBXNativeTarget;
			buildConfigurationList = 7A74D6DF2896F16800B84119 /* Build configuration list for PBXNativeTarget "EjabaliTests" */;
			buildPhases = (
				7A74D6C42896F16800B84119 /* Sources */,
				7A74D6C52896F16800B84119 /* Frameworks */,
				7A74D6C62896F16800B84119 /* Resources */,
			);
			buildRules = (
			);
			dependencies = (
				7A74D6CA2896F16800B84119 /* PBXTargetDependency */,
			);
			name = EjabaliTests;
			productName = EjabaliTests;
			productReference = 7A74D6C82896F16800B84119 /* EjabaliTests.xctest */;
			productType = "com.apple.product-type.bundle.unit-test";
		};
		7A74D6D12896F16800B84119 /* EjabaliUITests */ = {
			isa = PBXNativeTarget;
			buildConfigurationList = 7A74D6E22896F16800B84119 /* Build configuration list for PBXNativeTarget "EjabaliUITests" */;
			buildPhases = (
				7A74D6CE2896F16800B84119 /* Sources */,
				7A74D6CF2896F16800B84119 /* Frameworks */,
				7A74D6D02896F16800B84119 /* Resources */,
			);
			buildRules = (
			);
			dependencies = (
				7A74D6D42896F16800B84119 /* PBXTargetDependency */,
			);
			name = EjabaliUITests;
			productName = EjabaliUITests;
			productReference = 7A74D6D22896F16800B84119 /* EjabaliUITests.xctest */;
			productType = "com.apple.product-type.bundle.ui-testing";
		};
/* End PBXNativeTarget section */

/* Begin PBXProject section */
		7A74D6AA2896F16600B84119 /* Project object */ = {
			isa = PBXProject;
			attributes = {
				BuildIndependentTargetsInParallel = 1;
				LastSwiftUpdateCheck = 1320;
				LastUpgradeCheck = 1320;
				TargetAttributes = {
					7A74D6B12896F16600B84119 = {
						CreatedOnToolsVersion = 13.2.1;
					};
					7A74D6C72896F16800B84119 = {
						CreatedOnToolsVersion = 13.2.1;
						TestTargetID = 7A74D6B12896F16600B84119;
					};
					7A74D6D12896F16800B84119 = {
						CreatedOnToolsVersion = 13.2.1;
						TestTargetID = 7A74D6B12896F16600B84119;
					};
				};
			};
			buildConfigurationList = 7A74D6AD2896F16600B84119 /* Build configuration list for PBXProject "Ejabali" */;
			compatibilityVersion = "Xcode 13.0";
			developmentRegion = en;
			hasScannedForEncodings = 0;
			knownRegions = (
				en,
				Base,
			);
			mainGroup = 7A74D6A92896F16600B84119;
			productRefGroup = 7A74D6B32896F16600B84119 /* Products */;
			projectDirPath = "";
			projectRoot = "";
			targets = (
				7A74D6B12896F16600B84119 /* Ejabali */,
				7A74D6C72896F16800B84119 /* EjabaliTests */,
				7A74D6D12896F16800B84119 /* EjabaliUITests */,
			);
		};
/* End PBXProject section */

/* Begin PBXResourcesBuildPhase section */
		7A74D6B02896F16600B84119 /* Resources */ = {
			isa = PBXResourcesBuildPhase;
			buildActionMask = 2147483647;
			files = (
				7A74D6F02896F7D900B84119 /* Login.storyboard in Resources */,
				7A74D6C22896F16700B84119 /* LaunchScreen.storyboard in Resources */,
				7A74D6BF2896F16700B84119 /* Assets.xcassets in Resources */,
			);
			runOnlyForDeploymentPostprocessing = 0;
		};
		7A74D6C62896F16800B84119 /* Resources */ = {
			isa = PBXResourcesBuildPhase;
			buildActionMask = 2147483647;
			files = (
			);
			runOnlyForDeploymentPostprocessing = 0;
		};
		7A74D6D02896F16800B84119 /* Resources */ = {
			isa = PBXResourcesBuildPhase;
			buildActionMask = 2147483647;
			files = (
			);
			runOnlyForDeploymentPostprocessing = 0;
		};
/* End PBXResourcesBuildPhase section */

/* Begin PBXSourcesBuildPhase section */
		7A74D6AE2896F16600B84119 /* Sources */ = {
			isa = PBXSourcesBuildPhase;
			buildActionMask = 2147483647;
			files = (
				7A74D6F22896F8CE00B84119 /* SignInViewController.swift in Sources */,
				7A74D6BA2896F16600B84119 /* ViewController.swift in Sources */,
				7A74D6F72896FA2400B84119 /* StoryboardIdentifiable.swift in Sources */,
				7A74D6B62896F16600B84119 /* AppDelegate.swift in Sources */,
				7A74D6B82896F16600B84119 /* SceneDelegate.swift in Sources */,
				7A74D6F52896F9AD00B84119 /* UIStoryboard+Storyboards.swift in Sources */,
			);
			runOnlyForDeploymentPostprocessing = 0;
		};
		7A74D6C42896F16800B84119 /* Sources */ = {
			isa = PBXSourcesBuildPhase;
			buildActionMask = 2147483647;
			files = (
				7A74D6CD2896F16800B84119 /* EjabaliTests.swift in Sources */,
			);
			runOnlyForDeploymentPostprocessing = 0;
		};
		7A74D6CE2896F16800B84119 /* Sources */ = {
			isa = PBXSourcesBuildPhase;
			buildActionMask = 2147483647;
			files = (
				7A74D6D72896F16800B84119 /* EjabaliUITests.swift in Sources */,
				7A74D6D92896F16800B84119 /* EjabaliUITestsLaunchTests.swift in Sources */,
			);
			runOnlyForDeploymentPostprocessing = 0;
		};
/* End PBXSourcesBuildPhase section */

/* Begin PBXTargetDependency section */
		7A74D6CA2896F16800B84119 /* PBXTargetDependency */ = {
			isa = PBXTargetDependency;
			target = 7A74D6B12896F16600B84119 /* Ejabali */;
			targetProxy = 7A74D6C92896F16800B84119 /* PBXContainerItemProxy */;
		};
		7A74D6D42896F16800B84119 /* PBXTargetDependency */ = {
			isa = PBXTargetDependency;
			target = 7A74D6B12896F16600B84119 /* Ejabali */;
			targetProxy = 7A74D6D32896F16800B84119 /* PBXContainerItemProxy */;
		};
/* End PBXTargetDependency section */

/* Begin PBXVariantGroup section */
		7A74D6C02896F16700B84119 /* LaunchScreen.storyboard */ = {
			isa = PBXVariantGroup;
			children = (
				7A74D6C12896F16700B84119 /* Base */,
			);
			name = LaunchScreen.storyboard;
			sourceTree = "<group>";
		};
/* End PBXVariantGroup section */

/* Begin XCBuildConfiguration section */
		7A74D6DA2896F16800B84119 /* Debug */ = {
			isa = XCBuildConfiguration;
			buildSettings = {
				ALWAYS_SEARCH_USER_PATHS = NO;
				CLANG_ANALYZER_NONNULL = YES;
				CLANG_ANALYZER_NUMBER_OBJECT_CONVERSION = YES_AGGRESSIVE;
				CLANG_CXX_LANGUAGE_STANDARD = "gnu++17";
				CLANG_CXX_LIBRARY = "libc++";
				CLANG_ENABLE_MODULES = YES;
				CLANG_ENABLE_OBJC_ARC = YES;
				CLANG_ENABLE_OBJC_WEAK = YES;
				CLANG_WARN_BLOCK_CAPTURE_AUTORELEASING = YES;
				CLANG_WARN_BOOL_CONVERSION = YES;
				CLANG_WARN_COMMA = YES;
				CLANG_WARN_CONSTANT_CONVERSION = YES;
				CLANG_WARN_DEPRECATED_OBJC_IMPLEMENTATIONS = YES;
				CLANG_WARN_DIRECT_OBJC_ISA_USAGE = YES_ERROR;
				CLANG_WARN_DOCUMENTATION_COMMENTS = YES;
				CLANG_WARN_EMPTY_BODY = YES;
				CLANG_WARN_ENUM_CONVERSION = YES;
				CLANG_WARN_INFINITE_RECURSION = YES;
				CLANG_WARN_INT_CONVERSION = YES;
				CLANG_WARN_NON_LITERAL_NULL_CONVERSION = YES;
				CLANG_WARN_OBJC_IMPLICIT_RETAIN_SELF = YES;
				CLANG_WARN_OBJC_LITERAL_CONVERSION = YES;
				CLANG_WARN_OBJC_ROOT_CLASS = YES_ERROR;
				CLANG_WARN_QUOTED_INCLUDE_IN_FRAMEWORK_HEADER = YES;
				CLANG_WARN_RANGE_LOOP_ANALYSIS = YES;
				CLANG_WARN_STRICT_PROTOTYPES = YES;
				CLANG_WARN_SUSPICIOUS_MOVE = YES;
				CLANG_WARN_UNGUARDED_AVAILABILITY = YES_AGGRESSIVE;
				CLANG_WARN_UNREACHABLE_CODE = YES;
				CLANG_WARN__DUPLICATE_METHOD_MATCH = YES;
				COPY_PHASE_STRIP = NO;
				DEBUG_INFORMATION_FORMAT = dwarf;
				ENABLE_STRICT_OBJC_MSGSEND = YES;
				ENABLE_TESTABILITY = YES;
				GCC_C_LANGUAGE_STANDARD = gnu11;
				GCC_DYNAMIC_NO_PIC = NO;
				GCC_NO_COMMON_BLOCKS = YES;
				GCC_OPTIMIZATION_LEVEL = 0;
				GCC_PREPROCESSOR_DEFINITIONS = (
					"DEBUG=1",
					"$(inherited)",
				);
				GCC_WARN_64_TO_32_BIT_CONVERSION = YES;
				GCC_WARN_ABOUT_RETURN_TYPE = YES_ERROR;
				GCC_WARN_UNDECLARED_SELECTOR = YES;
				GCC_WARN_UNINITIALIZED_AUTOS = YES_AGGRESSIVE;
				GCC_WARN_UNUSED_FUNCTION = YES;
				GCC_WARN_UNUSED_VARIABLE = YES;
				IPHONEOS_DEPLOYMENT_TARGET = 15.2;
				MTL_ENABLE_DEBUG_INFO = INCLUDE_SOURCE;
				MTL_FAST_MATH = YES;
				ONLY_ACTIVE_ARCH = YES;
				SDKROOT = iphoneos;
				SWIFT_ACTIVE_COMPILATION_CONDITIONS = DEBUG;
				SWIFT_OPTIMIZATION_LEVEL = "-Onone";
			};
			name = Debug;
		};
		7A74D6DB2896F16800B84119 /* Release */ = {
			isa = XCBuildConfiguration;
			buildSettings = {
				ALWAYS_SEARCH_USER_PATHS = NO;
				CLANG_ANALYZER_NONNULL = YES;
				CLANG_ANALYZER_NUMBER_OBJECT_CONVERSION = YES_AGGRESSIVE;
				CLANG_CXX_LANGUAGE_STANDARD = "gnu++17";
				CLANG_CXX_LIBRARY = "libc++";
				CLANG_ENABLE_MODULES = YES;
				CLANG_ENABLE_OBJC_ARC = YES;
				CLANG_ENABLE_OBJC_WEAK = YES;
				CLANG_WARN_BLOCK_CAPTURE_AUTORELEASING = YES;
				CLANG_WARN_BOOL_CONVERSION = YES;
				CLANG_WARN_COMMA = YES;
				CLANG_WARN_CONSTANT_CONVERSION = YES;
				CLANG_WARN_DEPRECATED_OBJC_IMPLEMENTATIONS = YES;
				CLANG_WARN_DIRECT_OBJC_ISA_USAGE = YES_ERROR;
				CLANG_WARN_DOCUMENTATION_COMMENTS = YES;
				CLANG_WARN_EMPTY_BODY = YES;
				CLANG_WARN_ENUM_CONVERSION = YES;
				CLANG_WARN_INFINITE_RECURSION = YES;
				CLANG_WARN_INT_CONVERSION = YES;
				CLANG_WARN_NON_LITERAL_NULL_CONVERSION = YES;
				CLANG_WARN_OBJC_IMPLICIT_RETAIN_SELF = YES;
				CLANG_WARN_OBJC_LITERAL_CONVERSION = YES;
				CLANG_WARN_OBJC_ROOT_CLASS = YES_ERROR;
				CLANG_WARN_QUOTED_INCLUDE_IN_FRAMEWORK_HEADER = YES;
				CLANG_WARN_RANGE_LOOP_ANALYSIS = YES;
				CLANG_WARN_STRICT_PROTOTYPES = YES;
				CLANG_WARN_SUSPICIOUS_MOVE = YES;
				CLANG_WARN_UNGUARDED_AVAILABILITY = YES_AGGRESSIVE;
				CLANG_WARN_UNREACHABLE_CODE = YES;
				CLANG_WARN__DUPLICATE_METHOD_MATCH = YES;
				COPY_PHASE_STRIP = NO;
				DEBUG_INFORMATION_FORMAT = "dwarf-with-dsym";
				ENABLE_NS_ASSERTIONS = NO;
				ENABLE_STRICT_OBJC_MSGSEND = YES;
				GCC_C_LANGUAGE_STANDARD = gnu11;
				GCC_NO_COMMON_BLOCKS = YES;
				GCC_WARN_64_TO_32_BIT_CONVERSION = YES;
				GCC_WARN_ABOUT_RETURN_TYPE = YES_ERROR;
				GCC_WARN_UNDECLARED_SELECTOR = YES;
				GCC_WARN_UNINITIALIZED_AUTOS = YES_AGGRESSIVE;
				GCC_WARN_UNUSED_FUNCTION = YES;
				GCC_WARN_UNUSED_VARIABLE = YES;
				IPHONEOS_DEPLOYMENT_TARGET = 15.2;
				MTL_ENABLE_DEBUG_INFO = NO;
				MTL_FAST_MATH = YES;
				SDKROOT = iphoneos;
				SWIFT_COMPILATION_MODE = wholemodule;
				SWIFT_OPTIMIZATION_LEVEL = "-O";
				VALIDATE_PRODUCT = YES;
			};
			name = Release;
		};
		7A74D6DD2896F16800B84119 /* Debug */ = {
			isa = XCBuildConfiguration;
			buildSettings = {
				ASSETCATALOG_COMPILER_APPICON_NAME = AppIcon;
				ASSETCATALOG_COMPILER_GLOBAL_ACCENT_COLOR_NAME = AccentColor;
				CODE_SIGN_STYLE = Automatic;
				CURRENT_PROJECT_VERSION = 1;
				DEVELOPMENT_TEAM = FX5T74KH69;
				GENERATE_INFOPLIST_FILE = YES;
				INFOPLIST_FILE = Ejabali/Info.plist;
				INFOPLIST_KEY_UIApplicationSupportsIndirectInputEvents = YES;
				INFOPLIST_KEY_UILaunchStoryboardName = LaunchScreen;
				INFOPLIST_KEY_UIMainStoryboardFile = Login;
				INFOPLIST_KEY_UISupportedInterfaceOrientations_iPad = "UIInterfaceOrientationPortrait UIInterfaceOrientationPortraitUpsideDown UIInterfaceOrientationLandscapeLeft UIInterfaceOrientationLandscapeRight";
				INFOPLIST_KEY_UISupportedInterfaceOrientations_iPhone = "UIInterfaceOrientationPortrait UIInterfaceOrientationLandscapeLeft UIInterfaceOrientationLandscapeRight";
				LD_RUNPATH_SEARCH_PATHS = (
					"$(inherited)",
					"@executable_path/Frameworks",
				);
				MARKETING_VERSION = 1.0;
				PRODUCT_BUNDLE_IDENTIFIER = abc.com.Ejabali;
				PRODUCT_NAME = "$(TARGET_NAME)";
				SWIFT_EMIT_LOC_STRINGS = YES;
				SWIFT_VERSION = 5.0;
				TARGETED_DEVICE_FAMILY = "1,2";
			};
			name = Debug;
		};
		7A74D6DE2896F16800B84119 /* Release */ = {
			isa = XCBuildConfiguration;
			buildSettings = {
				ASSETCATALOG_COMPILER_APPICON_NAME = AppIcon;
				ASSETCATALOG_COMPILER_GLOBAL_ACCENT_COLOR_NAME = AccentColor;
				CODE_SIGN_STYLE = Automatic;
				CURRENT_PROJECT_VERSION = 1;
				DEVELOPMENT_TEAM = FX5T74KH69;
				GENERATE_INFOPLIST_FILE = YES;
				INFOPLIST_FILE = Ejabali/Info.plist;
				INFOPLIST_KEY_UIApplicationSupportsIndirectInputEvents = YES;
				INFOPLIST_KEY_UILaunchStoryboardName = LaunchScreen;
				INFOPLIST_KEY_UIMainStoryboardFile = Login;
				INFOPLIST_KEY_UISupportedInterfaceOrientations_iPad = "UIInterfaceOrientationPortrait UIInterfaceOrientationPortraitUpsideDown UIInterfaceOrientationLandscapeLeft UIInterfaceOrientationLandscapeRight";
				INFOPLIST_KEY_UISupportedInterfaceOrientations_iPhone = "UIInterfaceOrientationPortrait UIInterfaceOrientationLandscapeLeft UIInterfaceOrientationLandscapeRight";
				LD_RUNPATH_SEARCH_PATHS = (
					"$(inherited)",
					"@executable_path/Frameworks",
				);
				MARKETING_VERSION = 1.0;
				PRODUCT_BUNDLE_IDENTIFIER = abc.com.Ejabali;
				PRODUCT_NAME = "$(TARGET_NAME)";
				SWIFT_EMIT_LOC_STRINGS = YES;
				SWIFT_VERSION = 5.0;
				TARGETED_DEVICE_FAMILY = "1,2";
			};
			name = Release;
		};
		7A74D6E02896F16800B84119 /* Debug */ = {
			isa = XCBuildConfiguration;
			buildSettings = {
				ALWAYS_EMBED_SWIFT_STANDARD_LIBRARIES = YES;
				BUNDLE_LOADER = "$(TEST_HOST)";
				CODE_SIGN_STYLE = Automatic;
				CURRENT_PROJECT_VERSION = 1;
				DEVELOPMENT_TEAM = FX5T74KH69;
				GENERATE_INFOPLIST_FILE = YES;
				IPHONEOS_DEPLOYMENT_TARGET = 15.2;
				MARKETING_VERSION = 1.0;
				PRODUCT_BUNDLE_IDENTIFIER = abc.com.EjabaliTests;
				PRODUCT_NAME = "$(TARGET_NAME)";
				SWIFT_EMIT_LOC_STRINGS = NO;
				SWIFT_VERSION = 5.0;
				TARGETED_DEVICE_FAMILY = "1,2";
				TEST_HOST = "$(BUILT_PRODUCTS_DIR)/Ejabali.app/Ejabali";
			};
			name = Debug;
		};
		7A74D6E12896F16800B84119 /* Release */ = {
			isa = XCBuildConfiguration;
			buildSettings = {
				ALWAYS_EMBED_SWIFT_STANDARD_LIBRARIES = YES;
				BUNDLE_LOADER = "$(TEST_HOST)";
				CODE_SIGN_STYLE = Automatic;
				CURRENT_PROJECT_VERSION = 1;
				DEVELOPMENT_TEAM = FX5T74KH69;
				GENERATE_INFOPLIST_FILE = YES;
				IPHONEOS_DEPLOYMENT_TARGET = 15.2;
				MARKETING_VERSION = 1.0;
				PRODUCT_BUNDLE_IDENTIFIER = abc.com.EjabaliTests;
				PRODUCT_NAME = "$(TARGET_NAME)";
				SWIFT_EMIT_LOC_STRINGS = NO;
				SWIFT_VERSION = 5.0;
				TARGETED_DEVICE_FAMILY = "1,2";
				TEST_HOST = "$(BUILT_PRODUCTS_DIR)/Ejabali.app/Ejabali";
			};
			name = Release;
		};
		7A74D6E32896F16800B84119 /* Debug */ = {
			isa = XCBuildConfiguration;
			buildSettings = {
				ALWAYS_EMBED_SWIFT_STANDARD_LIBRARIES = YES;
				CODE_SIGN_STYLE = Automatic;
				CURRENT_PROJECT_VERSION = 1;
				DEVELOPMENT_TEAM = FX5T74KH69;
				GENERATE_INFOPLIST_FILE = YES;
				MARKETING_VERSION = 1.0;
				PRODUCT_BUNDLE_IDENTIFIER = abc.com.EjabaliUITests;
				PRODUCT_NAME = "$(TARGET_NAME)";
				SWIFT_EMIT_LOC_STRINGS = NO;
				SWIFT_VERSION = 5.0;
				TARGETED_DEVICE_FAMILY = "1,2";
				TEST_TARGET_NAME = Ejabali;
			};
			name = Debug;
		};
		7A74D6E42896F16800B84119 /* Release */ = {
			isa = XCBuildConfiguration;
			buildSettings = {
				ALWAYS_EMBED_SWIFT_STANDARD_LIBRARIES = YES;
				CODE_SIGN_STYLE = Automatic;
				CURRENT_PROJECT_VERSION = 1;
				DEVELOPMENT_TEAM = FX5T74KH69;
				GENERATE_INFOPLIST_FILE = YES;
				MARKETING_VERSION = 1.0;
				PRODUCT_BUNDLE_IDENTIFIER = abc.com.EjabaliUITests;
				PRODUCT_NAME = "$(TARGET_NAME)";
				SWIFT_EMIT_LOC_STRINGS = NO;
				SWIFT_VERSION = 5.0;
				TARGETED_DEVICE_FAMILY = "1,2";
				TEST_TARGET_NAME = Ejabali;
			};
			name = Release;
		};
/* End XCBuildConfiguration section */

/* Begin XCConfigurationList section */
		7A74D6AD2896F16600B84119 /* Build configuration list for PBXProject "Ejabali" */ = {
			isa = XCConfigurationList;
			buildConfigurations = (
				7A74D6DA2896F16800B84119 /* Debug */,
				7A74D6DB2896F16800B84119 /* Release */,
			);
			defaultConfigurationIsVisible = 0;
			defaultConfigurationName = Release;
		};
		7A74D6DC2896F16800B84119 /* Build configuration list for PBXNativeTarget "Ejabali" */ = {
			isa = XCConfigurationList;
			buildConfigurations = (
				7A74D6DD2896F16800B84119 /* Debug */,
				7A74D6DE2896F16800B84119 /* Release */,
			);
			defaultConfigurationIsVisible = 0;
			defaultConfigurationName = Release;
		};
		7A74D6DF2896F16800B84119 /* Build configuration list for PBXNativeTarget "EjabaliTests" */ = {
			isa = XCConfigurationList;
			buildConfigurations = (
				7A74D6E02896F16800B84119 /* Debug */,
				7A74D6E12896F16800B84119 /* Release */,
			);
			defaultConfigurationIsVisible = 0;
			defaultConfigurationName = Release;
		};
		7A74D6E22896F16800B84119 /* Build configuration list for PBXNativeTarget "EjabaliUITests" */ = {
			isa = XCConfigurationList;
			buildConfigurations = (
				7A74D6E32896F16800B84119 /* Debug */,
				7A74D6E42896F16800B84119 /* Release */,
			);
			defaultConfigurationIsVisible = 0;
			defaultConfigurationName = Release;
		};
/* End XCConfigurationList section */
	};
	rootObject = 7A74D6AA2896F16600B84119 /* Project object */;
}
